github.com/360EntSecGroup-Skylar/excelize v1.4.1 h1:l55mJb6rkkaUzOpSsgEeKYtS6/0gHwBYyfo5Jcjv/Ks=
github.com/360EntSecGroup-Skylar/excelize v1.4.1/go.mod h1:vnax29X2usfl7HHkBrX5EvSCJcmH3dT9luvxzu8iGAE=
github.com/360EntSecGroup-Skylar/excelize/v2 v2.0.2/go.mod h1:EfRHD2k+Kd7ijnqlwOrH1IifwgWB9yYJ0pdXtBZmlpU=
github.com/davecgh/go-spew v1.1.0/go.mod h1:J7Y8YcW2NihsgmVo/mv3lAwl/skON4iLHjSsI+c5H38=
github.com/davecgh/go-spew v1.1.1/go.mod h1:J7Y8YcW2NihsgmVo/mv3lAwl/skON4iLHjSsI+c5H38=
github.com/go-sql-driver/mysql v1.4.1 h1:g24URVg0OFbNUTx9qqY1IRZ9D9z3iPyi5zKhQZpNwpA=
github.com/go-sql-driver/mysql v1.4.1/go.mod h1:zAC/RDZ24gD3HViQzih4MyKcchzm+sOG5ZlKdlhCg5w=
github.com/lib/pq v1.2.0 h1:LXpIM/LZ5xGFhOpXAQUIMM1HdyqzVYM13zNdjCEEcA0=
github.com/lib/pq v1.2.0/go.mod h1:5WUZQaWbwv1U+lTReE5YruASi9Al49XbQIvNi/34Woo=
github.com/lib/pq v1.3.0 h1:/qkRGz8zljWiDcFvgpwUpwIAPu3r07TDvs3Rws+o/pU=
github.com/lib/pq v1.3.0/go.mod h1:5WUZQaWbwv1U+lTReE5YruASi9Al49XbQIvNi/34Woo=
github.com/mohae/deepcopy v0.0.0-20170929034955-c48cc78d4826 h1:RWengNIwukTxcDr9M+97sNutRR1RKhG96O6jWumTTnw=
github.com/mohae/deepcopy v0.0.0-20170929034955-c48cc78d4826/go.mod h1:TaXosZuwdSHYgviHp1DAtfrULt5eUgsSMsZf+YrPgl8=
github.com/pmezard/go-difflib v1.0.0/go.mod h1:iKH77koFhYxTK1pcRnkKkqfTogsbg7gZNVY4sRDYZ/4=
github.com/smartwalle/dbc v0.0.11 h1:9RrpnOUgSpypFb+Aj9voWMqRewpwpzKOArt+cuH9V+I=
github.com/smartwalle/dbc v0.0.11/go.mod h1:Kf6PmxMlQXRvFJ+ZxY0t4y5AvEQMv5bmuIRlfa5BASo=
github.com/smartwalle/dbc v0.0.15 h1:Hug7myOFvkRgpq/zuX69hiAYsd/GRE8LgOszw+C0UdM=
github.com/smartwalle/dbc v0.0.15/go.mod h1:KD5BWR9l/lV6fq9NhJSE+jkpSlMATtdRMuIzwGYqs1A=
github.com/smartwalle/dbc v0.0.16 h1:pzjUY4dIvbFVEsUDmXbSnYhcPbOMZhwA+FtPkuY2H0w=
github.com/smartwalle/dbc v0.0.16/go.mod h1:KD5BWR9l/lV6fq9NhJSE+jkpSlMATtdRMuIzwGYqs1A=
github.com/smartwalle/queue v0.0.1 h1:gqGowFtRZcKPJxiezFeDj+3iiWCdsPitxRfjTdzfWDo=
github.com/smartwalle/queue v0.0.1/go.mod h1:zMEHt/7zLtVwATDUQi3OdBUlbQ2XUzWd7OXP8p/684c=
github.com/smartwalle/queue v0.0.2 h1:vMi8pBDlTY1HtWI/utkDyroVC72cI0MggqC26zTGo4k=
github.com/smartwalle/queue v0.0.2/go.mod h1:zMEHt/7zLtVwATDUQi3OdBUlbQ2XUzWd7OXP8p/684c=
github.com/smartwalle/time4go v1.0.1 h1:pMgwRqaHgcZ2vIX6PLRK8g+qZPKdAfUDAHI0p2Mdqp4=
github.com/smartwalle/time4go v1.0.1/go.mod h1:u62q3x8/8vBcmdA2goL8c7h0tA/d16GA1GFYUchCRnk=
github.com/smartwalle/xid v1.0.1 h1:IOTJMvGUPus/kbTp749UB+JrvRFGE1kxLF6ez4eB4E4=
github.com/smartwalle/xid v1.0.1/go.mod h1:zUe+B9M8IClU9Jj0HoZATmaX14TkP2L7L3ogF+UlhWk=
github.com/smartwalle/xid v1.0.2 h1:53iaIWC10sz/7K63z61gdSAsJU3pyl0N/NyhuydWrc8=
github.com/smartwalle/xid v1.0.2/go.mod h1:zUe+B9M8IClU9Jj0HoZATmaX14TkP2L7L3ogF+UlhWk=
github.com/smartwalle/xid v1.0.6 h1:aZ52pzrFSpzg+AIbSsiBxadjAZRctvDSkp5AokOHuFw=
github.com/smartwalle/xid v1.0.6/go.mod h1:zUe+B9M8IClU9Jj0HoZATmaX14TkP2L7L3ogF+UlhWk=
github.com/stretchr/objx v0.1.0/go.mod h1:HFkY916IF+rwdDfMAkV7OtwuqBVzrE8GR6GFx+wExME=
github.com/stretchr/testify v1.2.3-0.20181224173747-660f15d67dbb/go.mod h1:a8OnRcib4nhh0OaRAV+Yts87kKdq0PP7pXfy6kDkUVs=
github.com/stretchr/testify v1.3.0/go.mod h1:M5WIy9Dh21IEIfnGCwXGc5bZfKNJtfHm1UVUgZn+9EI=
golang.org/x/image v0.0.0-20190910094157-69e4b8554b2a/go.mod h1:FeLwcggjj3mMvU+oOTbSwawSJRM1uh48EjtB4UJZlP0=
golang.org/x/text v0.3.0/go.mod h1:NqM8EUOU14njkJ3fqMW+pc6Ldnwhi/IjpwHt7yyuwOQ=
