github.com/smartwalle/dbc v0.0.19 h1:ywyxJVFVgycp2bWTFyOf/OiyA8UB4Pn+p/RfNuN7rmk=
github.com/smartwalle/dbc v0.0.19/go.mod h1:mO9WdNrdrwUW2Ty2H6hF17aEFXySxQwKmmoJa9wO+AQ=
github.com/smartwalle/dbc v0.0.20 h1:hGg5Dr7sDwfqWukv/EQ7Q7pxQ0l3bXRE9vy1W4mDEkk=
github.com/smartwalle/dbc v0.0.20/go.mod h1:mO9WdNrdrwUW2Ty2H6hF17aEFXySxQwKmmoJa9wO+AQ=
github.com/smartwalle/nsync v0.0.6 h1:rESfGKm3rzWIrmj3uGaNOX0qDZ8x1V/zOCf/rfs8FMY=
github.com/smartwalle/nsync v0.0.6/go.mod h1:nMMP9E4eXlpDrSW8amkScDfrwyQt7VKpG2PJzeS6U+I=
github.com/smartwalle/nsync v0.0.7 h1:yyTe3T4zZ/S+H8ojtrtanS/ur5gMyfV0SbZ4KRdm8yI=
github.com/smartwalle/nsync v0.0.7/go.mod h1:nMMP9E4eXlpDrSW8amkScDfrwyQt7VKpG2PJzeS6U+I=
github.com/smartwalle/queue v0.0.4 h1:h2YfM/I1yjPOQjMkhPOVuN5cSk62fRPqzqhlyZ/5zDA=
github.com/smartwalle/queue v0.0.4/go.mod h1:zMEHt/7zLtVwATDUQi3OdBUlbQ2XUzWd7OXP8p/684c=
